{
  "version": 1,
  "dependencies": {
    "net10.0": {
      "Microsoft.CSharp": {
        "type": "Direct",
        "requested": "[4.7.0, )",
        "resolved": "4.7.0",
        "contentHash": "pTj+D3uJWyN3My70i2Hqo+OXixq3Os2D1nJ2x92FFo6sk8fYS1m1WLNTs0Dc1uPaViH0YvEEwvzddQ7y4rhXmA=="
      },
      "Selenium.WebDriver": {
        "type": "Direct",
        "requested": "[4.45.0, )",
        "resolved": "4.45.0",
        "contentHash": "DhPMLb8nI7J7AWIPG43yN5PvkUtTCZymXUuBKFBhPYP+aycRs7rFxkeu0tlZ9HO2D1Im5Vp46r/yOxz9iXFeHA=="
      },
      "System.Text.Json": {
        "type": "Direct",
        "requested": "[8.0.4, )",
        "resolved": "8.0.4",
        "contentHash": "bAkhgDJ88XTsqczoxEMliSrpijKZHhbJQldhAmObj/RbrN3sU5dcokuXmWJWsdQAhiMJ9bTayWsL1C9fbbCRhw=="
      }
    }
  }
}